
Microsoft Visual Studio Solution File, Format Version 12.00
# Visual Studio 15
VisualStudioVersion = 15.0.28307.168
MinimumVisualStudioVersion = 10.0.40219.1
Project("{E24C65DC-7377-472B-9ABA-BC803B73C61A}") = "docs", "..\docs\", "{19413059-8740-4BDF-9E9F-D8B9AFF56602}"
	ProjectSection(WebsiteProperties) = preProject
		TargetFrameworkMoniker = ".NETFramework,Version%3Dv4.0"
		Debug.AspNetCompiler.VirtualPath = "/localhost_4179"
		Debug.AspNetCompiler.PhysicalPath = "..\docs\"
		Debug.AspNetCompiler.TargetPath = "PrecompiledWeb\localhost_4179\"
		Debug.AspNetCompiler.Updateable = "true"
		Debug.AspNetCompiler.ForceOverwrite = "true"
		Debug.AspNetCompiler.FixedNames = "false"
		Debug.AspNetCompiler.Debug = "True"
		Release.AspNetCompiler.VirtualPath = "/localhost_4179"
		Release.AspNetCompiler.PhysicalPath = "..\docs\"
		Release.AspNetCompiler.TargetPath = "PrecompiledWeb\localhost_4179\"
		Release.AspNetCompiler.Updateable = "true"
		Release.AspNetCompiler.ForceOverwrite = "true"
		Release.AspNetCompiler.FixedNames = "false"
		Release.AspNetCompiler.Debug = "False"
		VWDPort = "4179"
		SlnRelativePath = "..\docs\"
	EndProjectSection
EndProject
Project("{FAE04EC0-301F-11D3-BF4B-00C04F79EFBC}") = "device.client.vmix", "device.client.vmix\device.client.vmix.csproj", "{BD82769B-E2B9-47D8-9962-AB7844548496}"
EndProject
Project("{FAE04EC0-301F-11D3-BF4B-00C04F79EFBC}") = "device.core", "device.core\device.core.csproj", "{4FC451CA-14C1-46DA-95FF-5C177463CFD4}"
EndProject
Project("{FAE04EC0-301F-11D3-BF4B-00C04F79EFBC}") = "device.logging", "device.logging\device.logging.csproj", "{9DB2F28E-0F35-4270-94B5-509E821FAACF}"
EndProject
Project("{FAE04EC0-301F-11D3-BF4B-00C04F79EFBC}") = "device.cli", "device.cli\device.cli.csproj", "{9EBCDF44-1594-4688-86D7-243FFDE8D884}"
EndProject
Project("{FAE04EC0-301F-11D3-BF4B-00C04F79EFBC}") = "device.web", "device.web\device.web.csproj", "{FBAB6E6A-2A8E-4FA9-B975-2755A14110AF}"
EndProject
Project("{FAE04EC0-301F-11D3-BF4B-00C04F79EFBC}") = "forte.specs", "..\..\web\src\forte.specs\forte.specs.csproj", "{5E1C27C1-9D29-4DBC-970C-F8766A18CB7B}"
EndProject
Project("{FAE04EC0-301F-11D3-BF4B-00C04F79EFBC}") = "forte.modules.serilog", "..\..\web\src\forte.modules.serilog\forte.modules.serilog.csproj", "{045A37A3-0CBC-4E61-A39D-58355AACD983}"
EndProject
Project("{FAE04EC0-301F-11D3-BF4B-00C04F79EFBC}") = "AgoraSDK", "AgoraSDK\AgoraSDK.csproj", "{9655D131-DA85-434D-91BE-4D4FA97A0A18}"
EndProject
Global
	GlobalSection(SolutionConfigurationPlatforms) = preSolution
		Debug|Any CPU = Debug|Any CPU
		Debug|x86 = Debug|x86
		Release|Any CPU = Release|Any CPU
		Release|x86 = Release|x86
	EndGlobalSection
	GlobalSection(ProjectConfigurationPlatforms) = postSolution
		{19413059-8740-4BDF-9E9F-D8B9AFF56602}.Debug|Any CPU.ActiveCfg = Debug|Any CPU
		{19413059-8740-4BDF-9E9F-D8B9AFF56602}.Debug|Any CPU.Build.0 = Debug|Any CPU
		{19413059-8740-4BDF-9E9F-D8B9AFF56602}.Debug|x86.ActiveCfg = Debug|Any CPU
		{19413059-8740-4BDF-9E9F-D8B9AFF56602}.Debug|x86.Build.0 = Debug|Any CPU
		{19413059-8740-4BDF-9E9F-D8B9AFF56602}.Release|Any CPU.ActiveCfg = Debug|Any CPU
		{19413059-8740-4BDF-9E9F-D8B9AFF56602}.Release|Any CPU.Build.0 = Debug|Any CPU
		{19413059-8740-4BDF-9E9F-D8B9AFF56602}.Release|x86.ActiveCfg = Debug|Any CPU
		{19413059-8740-4BDF-9E9F-D8B9AFF56602}.Release|x86.Build.0 = Debug|Any CPU
		{BD82769B-E2B9-47D8-9962-AB7844548496}.Debug|Any CPU.ActiveCfg = Debug|Any CPU
		{BD82769B-E2B9-47D8-9962-AB7844548496}.Debug|Any CPU.Build.0 = Debug|Any CPU
		{BD82769B-E2B9-47D8-9962-AB7844548496}.Debug|x86.ActiveCfg = Debug|Any CPU
		{BD82769B-E2B9-47D8-9962-AB7844548496}.Debug|x86.Build.0 = Debug|Any CPU
		{BD82769B-E2B9-47D8-9962-AB7844548496}.Release|Any CPU.ActiveCfg = Release|Any CPU
		{BD82769B-E2B9-47D8-9962-AB7844548496}.Release|Any CPU.Build.0 = Release|Any CPU
		{BD82769B-E2B9-47D8-9962-AB7844548496}.Release|x86.ActiveCfg = Release|Any CPU
		{BD82769B-E2B9-47D8-9962-AB7844548496}.Release|x86.Build.0 = Release|Any CPU
		{4FC451CA-14C1-46DA-95FF-5C177463CFD4}.Debug|Any CPU.ActiveCfg = Debug|Any CPU
		{4FC451CA-14C1-46DA-95FF-5C177463CFD4}.Debug|Any CPU.Build.0 = Debug|Any CPU
		{4FC451CA-14C1-46DA-95FF-5C177463CFD4}.Debug|x86.ActiveCfg = Debug|Any CPU
		{4FC451CA-14C1-46DA-95FF-5C177463CFD4}.Debug|x86.Build.0 = Debug|Any CPU
		{4FC451CA-14C1-46DA-95FF-5C177463CFD4}.Release|Any CPU.ActiveCfg = Release|Any CPU
		{4FC451CA-14C1-46DA-95FF-5C177463CFD4}.Release|Any CPU.Build.0 = Release|Any CPU
		{4FC451CA-14C1-46DA-95FF-5C177463CFD4}.Release|x86.ActiveCfg = Release|Any CPU
		{4FC451CA-14C1-46DA-95FF-5C177463CFD4}.Release|x86.Build.0 = Release|Any CPU
		{9DB2F28E-0F35-4270-94B5-509E821FAACF}.Debug|Any CPU.ActiveCfg = Debug|Any CPU
		{9DB2F28E-0F35-4270-94B5-509E821FAACF}.Debug|Any CPU.Build.0 = Debug|Any CPU
		{9DB2F28E-0F35-4270-94B5-509E821FAACF}.Debug|x86.ActiveCfg = Debug|Any CPU
		{9DB2F28E-0F35-4270-94B5-509E821FAACF}.Debug|x86.Build.0 = Debug|Any CPU
		{9DB2F28E-0F35-4270-94B5-509E821FAACF}.Release|Any CPU.ActiveCfg = Release|Any CPU
		{9DB2F28E-0F35-4270-94B5-509E821FAACF}.Release|Any CPU.Build.0 = Release|Any CPU
		{9DB2F28E-0F35-4270-94B5-509E821FAACF}.Release|x86.ActiveCfg = Release|Any CPU
		{9DB2F28E-0F35-4270-94B5-509E821FAACF}.Release|x86.Build.0 = Release|Any CPU
		{9EBCDF44-1594-4688-86D7-243FFDE8D884}.Debug|Any CPU.ActiveCfg = Debug|Any CPU
		{9EBCDF44-1594-4688-86D7-243FFDE8D884}.Debug|Any CPU.Build.0 = Debug|Any CPU
		{9EBCDF44-1594-4688-86D7-243FFDE8D884}.Debug|x86.ActiveCfg = Debug|Any CPU
		{9EBCDF44-1594-4688-86D7-243FFDE8D884}.Debug|x86.Build.0 = Debug|Any CPU
		{9EBCDF44-1594-4688-86D7-243FFDE8D884}.Release|Any CPU.ActiveCfg = Release|Any CPU
		{9EBCDF44-1594-4688-86D7-243FFDE8D884}.Release|Any CPU.Build.0 = Release|Any CPU
		{9EBCDF44-1594-4688-86D7-243FFDE8D884}.Release|x86.ActiveCfg = Release|Any CPU
		{9EBCDF44-1594-4688-86D7-243FFDE8D884}.Release|x86.Build.0 = Release|Any CPU
		{FBAB6E6A-2A8E-4FA9-B975-2755A14110AF}.Debug|Any CPU.ActiveCfg = Debug|Any CPU
		{FBAB6E6A-2A8E-4FA9-B975-2755A14110AF}.Debug|Any CPU.Build.0 = Debug|Any CPU
		{FBAB6E6A-2A8E-4FA9-B975-2755A14110AF}.Debug|x86.ActiveCfg = Debug|Any CPU
		{FBAB6E6A-2A8E-4FA9-B975-2755A14110AF}.Debug|x86.Build.0 = Debug|Any CPU
		{FBAB6E6A-2A8E-4FA9-B975-2755A14110AF}.Release|Any CPU.ActiveCfg = Release|Any CPU
		{FBAB6E6A-2A8E-4FA9-B975-2755A14110AF}.Release|Any CPU.Build.0 = Release|Any CPU
		{FBAB6E6A-2A8E-4FA9-B975-2755A14110AF}.Release|x86.ActiveCfg = Release|Any CPU
		{FBAB6E6A-2A8E-4FA9-B975-2755A14110AF}.Release|x86.Build.0 = Release|Any CPU
		{5E1C27C1-9D29-4DBC-970C-F8766A18CB7B}.Debug|Any CPU.ActiveCfg = Debug|Any CPU
		{5E1C27C1-9D29-4DBC-970C-F8766A18CB7B}.Debug|Any CPU.Build.0 = Debug|Any CPU
		{5E1C27C1-9D29-4DBC-970C-F8766A18CB7B}.Debug|x86.ActiveCfg = Debug|Any CPU
		{5E1C27C1-9D29-4DBC-970C-F8766A18CB7B}.Debug|x86.Build.0 = Debug|Any CPU
		{5E1C27C1-9D29-4DBC-970C-F8766A18CB7B}.Release|Any CPU.ActiveCfg = Release|Any CPU
		{5E1C27C1-9D29-4DBC-970C-F8766A18CB7B}.Release|Any CPU.Build.0 = Release|Any CPU
		{5E1C27C1-9D29-4DBC-970C-F8766A18CB7B}.Release|x86.ActiveCfg = Release|Any CPU
		{5E1C27C1-9D29-4DBC-970C-F8766A18CB7B}.Release|x86.Build.0 = Release|Any CPU
		{045A37A3-0CBC-4E61-A39D-58355AACD983}.Debug|Any CPU.ActiveCfg = Debug|Any CPU
		{045A37A3-0CBC-4E61-A39D-58355AACD983}.Debug|Any CPU.Build.0 = Debug|Any CPU
		{045A37A3-0CBC-4E61-A39D-58355AACD983}.Debug|x86.ActiveCfg = Debug|Any CPU
		{045A37A3-0CBC-4E61-A39D-58355AACD983}.Debug|x86.Build.0 = Debug|Any CPU
		{045A37A3-0CBC-4E61-A39D-58355AACD983}.Release|Any CPU.ActiveCfg = Release|Any CPU
		{045A37A3-0CBC-4E61-A39D-58355AACD983}.Release|Any CPU.Build.0 = Release|Any CPU
		{045A37A3-0CBC-4E61-A39D-58355AACD983}.Release|x86.ActiveCfg = Release|Any CPU
		{045A37A3-0CBC-4E61-A39D-58355AACD983}.Release|x86.Build.0 = Release|Any CPU
		{9655D131-DA85-434D-91BE-4D4FA97A0A18}.Debug|Any CPU.ActiveCfg = Debug|Any CPU
		{9655D131-DA85-434D-91BE-4D4FA97A0A18}.Debug|Any CPU.Build.0 = Debug|Any CPU
		{9655D131-DA85-434D-91BE-4D4FA97A0A18}.Debug|x86.ActiveCfg = Debug|x86
		{9655D131-DA85-434D-91BE-4D4FA97A0A18}.Debug|x86.Build.0 = Debug|x86
		{9655D131-DA85-434D-91BE-4D4FA97A0A18}.Release|Any CPU.ActiveCfg = Release|Any CPU
		{9655D131-DA85-434D-91BE-4D4FA97A0A18}.Release|Any CPU.Build.0 = Release|Any CPU
		{9655D131-DA85-434D-91BE-4D4FA97A0A18}.Release|x86.ActiveCfg = Release|x86
		{9655D131-DA85-434D-91BE-4D4FA97A0A18}.Release|x86.Build.0 = Release|x86
	EndGlobalSection
	GlobalSection(SolutionProperties) = preSolution
		HideSolutionNode = FALSE
	EndGlobalSection
	GlobalSection(ExtensibilityGlobals) = postSolution
		EnterpriseLibraryConfigurationToolBinariesPath = packages\TransientFaultHandling.Core.5.1.1209.1\lib\NET4
		SolutionGuid = {D4D5E4E5-1EA4-45CB-842C-3B7FEBAD5053}
	EndGlobalSection
EndGlobal
